
Microsoft Visual Studio Solution File, Format Version 12.00
# Visual Studio Version 16
VisualStudioVersion = 16.0.28803.156
MinimumVisualStudioVersion = 10.0.40219.1
Project("{FAE04EC0-301F-11D3-BF4B-00C04F79EFBC}") = "DemographicSimulator", "DemographicSimulator\DemographicSimulator.csproj", "{56466F34-99F9-47EA-9B0F-A1CCAAE051C1}"
EndProject
Project("{FAE04EC0-301F-11D3-BF4B-00C04F79EFBC}") = "DemographicSimulatorTests", "DemographicSimulatorTests\DemographicSimulatorTests.csproj", "{73F7F98A-7109-409B-8654-8A4BF6AC99A1}"
EndProject
Global
	GlobalSection(SolutionConfigurationPlatforms) = preSolution
		Debug|Any CPU = Debug|Any CPU
		Release|Any CPU = Release|Any CPU
	EndGlobalSection
	GlobalSection(ProjectConfigurationPlatforms) = postSolution
		{56466F34-99F9-47EA-9B0F-A1CCAAE051C1}.Debug|Any CPU.ActiveCfg = Debug|Any CPU
		{56466F34-99F9-47EA-9B0F-A1CCAAE051C1}.Debug|Any CPU.Build.0 = Debug|Any CPU
		{56466F34-99F9-47EA-9B0F-A1CCAAE051C1}.Release|Any CPU.ActiveCfg = Release|Any CPU
		{56466F34-99F9-47EA-9B0F-A1CCAAE051C1}.Release|Any CPU.Build.0 = Release|Any CPU
		{73F7F98A-7109-409B-8654-8A4BF6AC99A1}.Debug|Any CPU.ActiveCfg = Debug|Any CPU
		{73F7F98A-7109-409B-8654-8A4BF6AC99A1}.Debug|Any CPU.Build.0 = Debug|Any CPU
		{73F7F98A-7109-409B-8654-8A4BF6AC99A1}.Release|Any CPU.ActiveCfg = Release|Any CPU
		{73F7F98A-7109-409B-8654-8A4BF6AC99A1}.Release|Any CPU.Build.0 = Release|Any CPU
	EndGlobalSection
	GlobalSection(SolutionProperties) = preSolution
		HideSolutionNode = FALSE
	EndGlobalSection
	GlobalSection(ExtensibilityGlobals) = postSolution
		SolutionGuid = {51A97515-C856-4978-8C6D-305C870DAEB2}
	EndGlobalSection
EndGlobal
